{
  "requires": true,
  "lockfileVersion": 1,
  "dependencies": {
    "vuescroll": {
      "version": "4.17.3",
      "resolved": "https://registry.npmjs.org/vuescroll/-/vuescroll-4.17.3.tgz",
      "integrity": "sha512-5P3hje/fYjo1eAB0Y8zboLbaq/mnPNczYyZ1aPHHM6wIFKcqal9Mi42CBCZizUnEtoXtbsGlnyLcVbnalTNptA=="
    }
  }
}
